{
  "version": 4,
  "terraform_version": "1.1.7",
  "serial": 4,
  "lineage": "851face5-c250-9066-4cdb-6f5dac5caab1",
  "outputs": {
    "external_ip_address_node01_yandex_cloud": {
      "value": "51.250.72.176",
      "type": "string"
    },
    "internal_ip_address_node01_yandex_cloud": {
      "value": "192.168.101.10",
      "type": "string"
    }
  },
  "resources": [
    {
      "mode": "managed",
      "type": "yandex_compute_instance",
      "name": "node01",
      "provider": "provider[\"registry.terraform.io/yandex-cloud/yandex\"]",
      "instances": [
        {
          "schema_version": 1,
          "attributes": {
            "allow_stopping_for_update": true,
            "boot_disk": [
              {
                "auto_delete": true,
                "device_name": "fhmbha0kmmsgecn8mbes",
                "disk_id": "fhmbha0kmmsgecn8mbes",
                "initialize_params": [
                  {
                    "block_size": 4096,
                    "description": "",
                    "image_id": "fd80905qm2ckngipg7ip",
                    "name": "root-node01",
                    "size": 10,
                    "snapshot_id": "",
                    "type": "network-hdd"
                  }
                ],
                "mode": "READ_WRITE"
              }
            ],
            "created_at": "2022-04-04T08:10:22Z",
            "description": "",
            "folder_id": "b1gj0vgiglqro7mntfrm",
            "fqdn": "node01.rt.cloud",
            "hostname": "node01",
            "id": "fhm0d7ja96f2r622ssfs",
            "labels": null,
            "metadata": {
              "serial-port-enable": "1",
              "ssh-keys": "centos:ssh-rsa AAAAB3NzaC1yc2EAAAADAQABAAACAQDAQrqhEDvkOhgrnOksf0Q/8iHIafkADpI+dabnPVGrjfEilNcIW+WH0wPDO53nDJqPgKFE9eZ+5CpMEkMX96SoR2fmdmx80qVKGW6/5z9IMtHnzpVkAVtSDguA/JV/bMP4vwov/DsvDN+/FwJ16EwX0t3Q5VgELYw/o6I1u981CCj+VdmjE7xdf8dNI+jvHN+ho59C1TXhUBevluAjB3MhRe+j3pN6slzXgS2Dun99GvNjPVD14V6piA2V7Cb88haJ7SfzvOV7CrZfsjFZ0Q4eEKy9F3aNUiL7q0DqrFpoXCfpqM1I9D7Kt1b02UjOemAmYrmLCo/chA524gYvf1L6APuCC05u+bV7YCKiQTugVE17oFDzTu76PQ/qRtvxZGk+p4+DWSluwNQL+6oM1zEjH6anqV7QEFpoKTPU5nAKh6mV3xSNUkiJfc6qnZHKLdAOm4qozEPvx6nYw9pypaVUwK35+L4hTPt/yILerk5FT1fFuMQnOK9S4aOyisLHN2a3FHDenWOUsQszLSzrJxNNvhDqTo/fAXjqcItsUK9v0vDdhwiYydgSItoxsDEvyevySwLTkJugtwuEwVShCSPcWN8fq5FwxEV/4fhJDrOimbE+hV11k3/5JfuHoN92z5ucJgF8QLIfPkBxSjRXXEqVfhqg6JTqTWBx6l4mxE2OWQ==\n"
            },
            "name": "node01",
            "network_acceleration_type": "standard",
            "network_interface": [
              {
                "dns_record": [],
                "index": 0,
                "ip_address": "192.168.101.10",
                "ipv4": true,
                "ipv6": false,
                "ipv6_address": "",
                "ipv6_dns_record": [],
                "mac_address": "d0:0d:69:e6:a4:99",
                "nat": true,
                "nat_dns_record": [],
                "nat_ip_address": "51.250.72.176",
                "nat_ip_version": "IPV4",
                "security_group_ids": [],
                "subnet_id": "e9bq059imsg7gbqst6oa"
              }
            ],
            "placement_policy": [
              {
                "host_affinity_rules": [],
                "placement_group_id": ""
              }
            ],
            "platform_id": "standard-v1",
            "resources": [
              {
                "core_fraction": 5,
                "cores": 2,
                "gpus": 0,
                "memory": 2
              }
            ],
            "scheduling_policy": [
              {
                "preemptible": false
              }
            ],
            "secondary_disk": [],
            "service_account_id": "",
            "status": "running",
            "timeouts": null,
            "zone": "ru-central1-a"
          },
          "sensitive_attributes": [],
          "private": "eyJlMmJmYjczMC1lY2FhLTExZTYtOGY4OC0zNDM2M2JjN2M0YzAiOnsiY3JlYXRlIjozMDAwMDAwMDAwMDAsImRlbGV0ZSI6MzAwMDAwMDAwMDAwLCJ1cGRhdGUiOjMwMDAwMDAwMDAwMH0sInNjaGVtYV92ZXJzaW9uIjoiMSJ9",
          "dependencies": [
            "yandex_vpc_network.default",
            "yandex_vpc_subnet.default"
          ]
        }
      ]
    },
    {
      "mode": "managed",
      "type": "yandex_vpc_network",
      "name": "default",
      "provider": "provider[\"registry.terraform.io/yandex-cloud/yandex\"]",
      "instances": [
        {
          "schema_version": 0,
          "attributes": {
            "created_at": "2022-04-04T08:10:17Z",
            "default_security_group_id": "",
            "description": "",
            "folder_id": "b1gj0vgiglqro7mntfrm",
            "id": "enplhr9eka2pfsmtjfsv",
            "labels": {},
            "name": "net",
            "subnet_ids": [],
            "timeouts": null
          },
          "sensitive_attributes": [],
          "private": "eyJlMmJmYjczMC1lY2FhLTExZTYtOGY4OC0zNDM2M2JjN2M0YzAiOnsiY3JlYXRlIjo2MDAwMDAwMDAwMCwiZGVsZXRlIjo2MDAwMDAwMDAwMCwidXBkYXRlIjo2MDAwMDAwMDAwMH19"
        }
      ]
    },
    {
      "mode": "managed",
      "type": "yandex_vpc_subnet",
      "name": "default",
      "provider": "provider[\"registry.terraform.io/yandex-cloud/yandex\"]",
      "instances": [
        {
          "schema_version": 0,
          "attributes": {
            "created_at": "2022-04-04T08:10:19Z",
            "description": "",
            "dhcp_options": [],
            "folder_id": "b1gj0vgiglqro7mntfrm",
            "id": "e9bq059imsg7gbqst6oa",
            "labels": {},
            "name": "subnet",
            "network_id": "enplhr9eka2pfsmtjfsv",
            "route_table_id": "",
            "timeouts": null,
            "v4_cidr_blocks": [
              "192.168.101.0/24"
            ],
            "v6_cidr_blocks": [],
            "zone": "ru-central1-a"
          },
          "sensitive_attributes": [],
          "private": "eyJlMmJmYjczMC1lY2FhLTExZTYtOGY4OC0zNDM2M2JjN2M0YzAiOnsiY3JlYXRlIjoxODAwMDAwMDAwMDAsImRlbGV0ZSI6MTgwMDAwMDAwMDAwLCJ1cGRhdGUiOjE4MDAwMDAwMDAwMH19",
          "dependencies": [
            "yandex_vpc_network.default"
          ]
        }
      ]
    }
  ]
}
